
Microsoft Visual Studio Solution File, Format Version 12.00
# Visual Studio 2012
Project("{FAE04EC0-301F-11D3-BF4B-00C04F79EFBC}") = "Facedet", "Facedet\Facedet.csproj", "{5DC7901E-7D76-4DF8-8F0E-4D657380FC79}"
EndProject
Project("{FAE04EC0-301F-11D3-BF4B-00C04F79EFBC}") = "Facedetect.Api", "Facedetect.Api\Facedetect.Api.csproj", "{781060AE-36DA-49C8-9C6E-40B9F3171106}"
EndProject
Global
	GlobalSection(SolutionConfigurationPlatforms) = preSolution
		Debug|Any CPU = Debug|Any CPU
		Release|Any CPU = Release|Any CPU
	EndGlobalSection
	GlobalSection(ProjectConfigurationPlatforms) = postSolution
		{5DC7901E-7D76-4DF8-8F0E-4D657380FC79}.Debug|Any CPU.ActiveCfg = Debug|Any CPU
		{5DC7901E-7D76-4DF8-8F0E-4D657380FC79}.Debug|Any CPU.Build.0 = Debug|Any CPU
		{5DC7901E-7D76-4DF8-8F0E-4D657380FC79}.Release|Any CPU.ActiveCfg = Release|Any CPU
		{5DC7901E-7D76-4DF8-8F0E-4D657380FC79}.Release|Any CPU.Build.0 = Release|Any CPU
		{781060AE-36DA-49C8-9C6E-40B9F3171106}.Debug|Any CPU.ActiveCfg = Debug|Any CPU
		{781060AE-36DA-49C8-9C6E-40B9F3171106}.Debug|Any CPU.Build.0 = Debug|Any CPU
		{781060AE-36DA-49C8-9C6E-40B9F3171106}.Release|Any CPU.ActiveCfg = Release|Any CPU
		{781060AE-36DA-49C8-9C6E-40B9F3171106}.Release|Any CPU.Build.0 = Release|Any CPU
	EndGlobalSection
	GlobalSection(SolutionProperties) = preSolution
		HideSolutionNode = FALSE
	EndGlobalSection
EndGlobal
